
Microsoft Visual Studio Solution File, Format Version 12.00
# Visual Studio 14
VisualStudioVersion = 14.0.23107.0
MinimumVisualStudioVersion = 10.0.40219.1
Project("{00D1A9C2-B5F0-4AF3-8072-F6C62B433612}") = "VideoStore", "VideoStore\VideoStore.sqlproj", "{3AF6A98D-6EE7-43D5-A4D6-107990F0A9F6}"
EndProject
Global
	GlobalSection(SolutionConfigurationPlatforms) = preSolution
		Debug|Any CPU = Debug|Any CPU
		Release|Any CPU = Release|Any CPU
	EndGlobalSection
	GlobalSection(ProjectConfigurationPlatforms) = postSolution
		{3AF6A98D-6EE7-43D5-A4D6-107990F0A9F6}.Debug|Any CPU.ActiveCfg = Debug|Any CPU
		{3AF6A98D-6EE7-43D5-A4D6-107990F0A9F6}.Debug|Any CPU.Build.0 = Debug|Any CPU
		{3AF6A98D-6EE7-43D5-A4D6-107990F0A9F6}.Debug|Any CPU.Deploy.0 = Debug|Any CPU
		{3AF6A98D-6EE7-43D5-A4D6-107990F0A9F6}.Release|Any CPU.ActiveCfg = Release|Any CPU
		{3AF6A98D-6EE7-43D5-A4D6-107990F0A9F6}.Release|Any CPU.Build.0 = Release|Any CPU
		{3AF6A98D-6EE7-43D5-A4D6-107990F0A9F6}.Release|Any CPU.Deploy.0 = Release|Any CPU
	EndGlobalSection
	GlobalSection(SolutionProperties) = preSolution
		HideSolutionNode = FALSE
	EndGlobalSection
EndGlobal
