
Microsoft Visual Studio Solution File, Format Version 12.00
# Visual Studio 14
VisualStudioVersion = 14.0.23107.0
MinimumVisualStudioVersion = 10.0.40219.1
Project("{00D1A9C2-B5F0-4AF3-8072-F6C62B433612}") = "VideoStore", "VideoStore\VideoStore.sqlproj", "{3AF6A98D-6EE7-43D5-A4D6-107990F0A9F6}"
EndProject
Project("{E24C65DC-7377-472B-9ABA-BC803B73C61A}") = "WebSite5", "..\..\..\..\Documents\Visual Studio 2015\WebSites\WebSite5\", "{A4F0B2A0-7A93-4D92-A1C3-1F999C8C6036}"
	ProjectSection(WebsiteProperties) = preProject
		TargetFrameworkMoniker = ".NETFramework,Version%3Dv4.5.2"
		Debug.AspNetCompiler.VirtualPath = "/localhost_54669"
		Debug.AspNetCompiler.PhysicalPath = "..\..\..\..\Documents\Visual Studio 2015\WebSites\WebSite5\"
		Debug.AspNetCompiler.TargetPath = "PrecompiledWeb\localhost_54669\"
		Debug.AspNetCompiler.Updateable = "true"
		Debug.AspNetCompiler.ForceOverwrite = "true"
		Debug.AspNetCompiler.FixedNames = "false"
		Debug.AspNetCompiler.Debug = "True"
		Release.AspNetCompiler.VirtualPath = "/localhost_54669"
		Release.AspNetCompiler.PhysicalPath = "..\..\..\..\Documents\Visual Studio 2015\WebSites\WebSite5\"
		Release.AspNetCompiler.TargetPath = "PrecompiledWeb\localhost_54669\"
		Release.AspNetCompiler.Updateable = "true"
		Release.AspNetCompiler.ForceOverwrite = "true"
		Release.AspNetCompiler.FixedNames = "false"
		Release.AspNetCompiler.Debug = "False"
		VWDPort = "54669"
		SlnRelativePath = "..\..\..\..\Documents\Visual Studio 2015\WebSites\WebSite5\"
		DefaultWebSiteLanguage = "Visual C#"
	EndProjectSection
EndProject
Global
	GlobalSection(SolutionConfigurationPlatforms) = preSolution
		Debug|Any CPU = Debug|Any CPU
		Release|Any CPU = Release|Any CPU
	EndGlobalSection
	GlobalSection(ProjectConfigurationPlatforms) = postSolution
		{3AF6A98D-6EE7-43D5-A4D6-107990F0A9F6}.Debug|Any CPU.ActiveCfg = Debug|Any CPU
		{3AF6A98D-6EE7-43D5-A4D6-107990F0A9F6}.Debug|Any CPU.Build.0 = Debug|Any CPU
		{3AF6A98D-6EE7-43D5-A4D6-107990F0A9F6}.Debug|Any CPU.Deploy.0 = Debug|Any CPU
		{3AF6A98D-6EE7-43D5-A4D6-107990F0A9F6}.Release|Any CPU.ActiveCfg = Release|Any CPU
		{3AF6A98D-6EE7-43D5-A4D6-107990F0A9F6}.Release|Any CPU.Build.0 = Release|Any CPU
		{3AF6A98D-6EE7-43D5-A4D6-107990F0A9F6}.Release|Any CPU.Deploy.0 = Release|Any CPU
		{A4F0B2A0-7A93-4D92-A1C3-1F999C8C6036}.Debug|Any CPU.ActiveCfg = Debug|Any CPU
		{A4F0B2A0-7A93-4D92-A1C3-1F999C8C6036}.Debug|Any CPU.Build.0 = Debug|Any CPU
		{A4F0B2A0-7A93-4D92-A1C3-1F999C8C6036}.Release|Any CPU.ActiveCfg = Debug|Any CPU
		{A4F0B2A0-7A93-4D92-A1C3-1F999C8C6036}.Release|Any CPU.Build.0 = Debug|Any CPU
	EndGlobalSection
	GlobalSection(SolutionProperties) = preSolution
		HideSolutionNode = FALSE
	EndGlobalSection
EndGlobal
